// !$*UTF8*$!
{
	archiveVersion = 1;
	classes = {
	};
	objectVersion = 46;
	objects = {

/* Begin PBXBuildFile section */
		7EB6FDBE1D51D3BB0099F563 /* AppDelegate.swift in Sources */ = {isa = PBXBuildFile; fileRef = 7EB6FDBD1D51D3BB0099F563 /* AppDelegate.swift */; };
		7EB6FDC01D51D3BB0099F563 /* ViewController.swift in Sources */ = {isa = PBXBuildFile; fileRef = 7EB6FDBF1D51D3BB0099F563 /* ViewController.swift */; };
		7EB6FDC31D51D3BB0099F563 /* Main.storyboard in Resources */ = {isa = PBXBuildFile; fileRef = 7EB6FDC11D51D3BB0099F563 /* Main.storyboard */; };
		7EB6FDC51D51D3BB0099F563 /* Assets.xcassets in Resources */ = {isa = PBXBuildFile; fileRef = 7EB6FDC41D51D3BB0099F563 /* Assets.xcassets */; };
		7EB6FDC81D51D3BB0099F563 /* LaunchScreen.storyboard in Resources */ = {isa = PBXBuildFile; fileRef = 7EB6FDC61D51D3BB0099F563 /* LaunchScreen.storyboard */; };
		7EB6FDD31D51D3BB0099F563 /* ExampleTests.swift in Sources */ = {isa = PBXBuildFile; fileRef = 7EB6FDD21D51D3BB0099F563 /* ExampleTests.swift */; };
		7EB6FDDE1D51D3BB0099F563 /* ExampleUITests.swift in Sources */ = {isa = PBXBuildFile; fileRef = 7EB6FDDD1D51D3BB0099F563 /* ExampleUITests.swift */; };
/* End PBXBuildFile section */

/* Begin PBXContainerItemProxy section */
		7EB6FDCF1D51D3BB0099F563 /* PBXContainerItemProxy */ = {
			isa = PBXContainerItemProxy;
			containerPortal = 7EB6FDB21D51D3BB0099F563 /* Project object */;
			proxyType = 1;
			remoteGlobalIDString = 7EB6FDB91D51D3BB0099F563;
			remoteInfo = Example;
		};
		7EB6FDDA1D51D3BB0099F563 /* PBXContainerItemProxy */ = {
			isa = PBXContainerItemProxy;
			containerPortal = 7EB6FDB21D51D3BB0099F563 /* Project object */;
			proxyType = 1;
			remoteGlobalIDString = 7EB6FDB91D51D3BB0099F563;
			remoteInfo = Example;
		};
/* End PBXContainerItemProxy section */

/* Begin PBXFileReference section */
		7EB6FDBA1D51D3BB0099F563 /* SliderExample.app */ = {isa = PBXFileReference; explicitFileType = wrapper.application; includeInIndex = 0; path = SliderExample.app; sourceTree = BUILT_PRODUCTS_DIR; };
		7EB6FDBD1D51D3BB0099F563 /* AppDelegate.swift */ = {isa = PBXFileReference; lastKnownFileType = sourcecode.swift; path = AppDelegate.swift; sourceTree = "<group>"; };
		7EB6FDBF1D51D3BB0099F563 /* ViewController.swift */ = {isa = PBXFileReference; lastKnownFileType = sourcecode.swift; path = ViewController.swift; sourceTree = "<group>"; };
		7EB6FDC21D51D3BB0099F563 /* Base */ = {isa = PBXFileReference; lastKnownFileType = file.storyboard; name = Base; path = Base.lproj/Main.storyboard; sourceTree = "<group>"; };
		7EB6FDC41D51D3BB0099F563 /* Assets.xcassets */ = {isa = PBXFileReference; lastKnownFileType = folder.assetcatalog; path = Assets.xcassets; sourceTree = "<group>"; };
		7EB6FDC71D51D3BB0099F563 /* Base */ = {isa = PBXFileReference; lastKnownFileType = file.storyboard; name = Base; path = Base.lproj/LaunchScreen.storyboard; sourceTree = "<group>"; };
		7EB6FDC91D51D3BB0099F563 /* Info.plist */ = {isa = PBXFileReference; lastKnownFileType = text.plist.xml; path = Info.plist; sourceTree = "<group>"; };
		7EB6FDCE1D51D3BB0099F563 /* SliderExampleTests.xctest */ = {isa = PBXFileReference; explicitFileType = wrapper.cfbundle; includeInIndex = 0; path = SliderExampleTests.xctest; sourceTree = BUILT_PRODUCTS_DIR; };
		7EB6FDD21D51D3BB0099F563 /* ExampleTests.swift */ = {isa = PBXFileReference; lastKnownFileType = sourcecode.swift; path = ExampleTests.swift; sourceTree = "<group>"; };
		7EB6FDD41D51D3BB0099F563 /* Info.plist */ = {isa = PBXFileReference; lastKnownFileType = text.plist.xml; path = Info.plist; sourceTree = "<group>"; };
		7EB6FDD91D51D3BB0099F563 /* SliderExampleUITests.xctest */ = {isa = PBXFileReference; explicitFileType = wrapper.cfbundle; includeInIndex = 0; path = SliderExampleUITests.xctest; sourceTree = BUILT_PRODUCTS_DIR; };
		7EB6FDDD1D51D3BB0099F563 /* ExampleUITests.swift */ = {isa = PBXFileReference; lastKnownFileType = sourcecode.swift; path = ExampleUITests.swift; sourceTree = "<group>"; };
		7EB6FDDF1D51D3BB0099F563 /* Info.plist */ = {isa = PBXFileReference; lastKnownFileType = text.plist.xml; path = Info.plist; sourceTree = "<group>"; };
/* End PBXFileReference section */

/* Begin PBXFrameworksBuildPhase section */
		7EB6FDB71D51D3BB0099F563 /* Frameworks */ = {
			isa = PBXFrameworksBuildPhase;
			buildActionMask = 2147483647;
			files = (
			);
			runOnlyForDeploymentPostprocessing = 0;
		};
		7EB6FDCB1D51D3BB0099F563 /* Frameworks */ = {
			isa = PBXFrameworksBuildPhase;
			buildActionMask = 2147483647;
			files = (
			);
			runOnlyForDeploymentPostprocessing = 0;
		};
		7EB6FDD61D51D3BB0099F563 /* Frameworks */ = {
			isa = PBXFrameworksBuildPhase;
			buildActionMask = 2147483647;
			files = (
			);
			runOnlyForDeploymentPostprocessing = 0;
		};
/* End PBXFrameworksBuildPhase section */

/* Begin PBXGroup section */
		7EB6FDB11D51D3BB0099F563 = {
			isa = PBXGroup;
			children = (
				7EB6FDBC1D51D3BB0099F563 /* Example */,
				7EB6FDD11D51D3BB0099F563 /* ExampleTests */,
				7EB6FDDC1D51D3BB0099F563 /* ExampleUITests */,
				7EB6FDBB1D51D3BB0099F563 /* Products */,
			);
			sourceTree = "<group>";
		};
		7EB6FDBB1D51D3BB0099F563 /* Products */ = {
			isa = PBXGroup;
			children = (
				7EB6FDBA1D51D3BB0099F563 /* SliderExample.app */,
				7EB6FDCE1D51D3BB0099F563 /* SliderExampleTests.xctest */,
				7EB6FDD91D51D3BB0099F563 /* SliderExampleUITests.xctest */,
			);
			name = Products;
			sourceTree = "<group>";
		};
		7EB6FDBC1D51D3BB0099F563 /* Example */ = {
			isa = PBXGroup;
			children = (
				7ECEB76E1D531F530004CDC9 /* Slider */,
				7EB6FDBD1D51D3BB0099F563 /* AppDelegate.swift */,
				7EB6FDC11D51D3BB0099F563 /* Main.storyboard */,
				7EB6FDC41D51D3BB0099F563 /* Assets.xcassets */,
				7EB6FDC61D51D3BB0099F563 /* LaunchScreen.storyboard */,
				7EB6FDC91D51D3BB0099F563 /* Info.plist */,
			);
			path = Example;
			sourceTree = "<group>";
		};
		7EB6FDD11D51D3BB0099F563 /* ExampleTests */ = {
			isa = PBXGroup;
			children = (
				7EB6FDD21D51D3BB0099F563 /* ExampleTests.swift */,
				7EB6FDD41D51D3BB0099F563 /* Info.plist */,
			);
			path = ExampleTests;
			sourceTree = "<group>";
		};
		7EB6FDDC1D51D3BB0099F563 /* ExampleUITests */ = {
			isa = PBXGroup;
			children = (
				7EB6FDDD1D51D3BB0099F563 /* ExampleUITests.swift */,
				7EB6FDDF1D51D3BB0099F563 /* Info.plist */,
			);
			path = ExampleUITests;
			sourceTree = "<group>";
		};
		7ECEB76E1D531F530004CDC9 /* Slider */ = {
			isa = PBXGroup;
			children = (
				7EB6FDBF1D51D3BB0099F563 /* ViewController.swift */,
			);
			name = Slider;
			sourceTree = "<group>";
		};
/* End PBXGroup section */

/* Begin PBXNativeTarget section */
		7EB6FDB91D51D3BB0099F563 /* SliderExample */ = {
			isa = PBXNativeTarget;
			buildConfigurationList = 7EB6FDE21D51D3BB0099F563 /* Build configuration list for PBXNativeTarget "SliderExample" */;
			buildPhases = (
				7EB6FDB61D51D3BB0099F563 /* Sources */,
				7EB6FDB71D51D3BB0099F563 /* Frameworks */,
				7EB6FDB81D51D3BB0099F563 /* Resources */,
			);
			buildRules = (
			);
			dependencies = (
			);
			name = SliderExample;
			productName = Example;
			productReference = 7EB6FDBA1D51D3BB0099F563 /* SliderExample.app */;
			productType = "com.apple.product-type.application";
		};
		7EB6FDCD1D51D3BB0099F563 /* SliderExampleTests */ = {
			isa = PBXNativeTarget;
			buildConfigurationList = 7EB6FDE51D51D3BB0099F563 /* Build configuration list for PBXNativeTarget "SliderExampleTests" */;
			buildPhases = (
				7EB6FDCA1D51D3BB0099F563 /* Sources */,
				7EB6FDCB1D51D3BB0099F563 /* Frameworks */,
				7EB6FDCC1D51D3BB0099F563 /* Resources */,
			);
			buildRules = (
			);
			dependencies = (
				7EB6FDD01D51D3BB0099F563 /* PBXTargetDependency */,
			);
			name = SliderExampleTests;
			productName = ExampleTests;
			productReference = 7EB6FDCE1D51D3BB0099F563 /* SliderExampleTests.xctest */;
			productType = "com.apple.product-type.bundle.unit-test";
		};
		7EB6FDD81D51D3BB0099F563 /* SliderExampleUITests */ = {
			isa = PBXNativeTarget;
			buildConfigurationList = 7EB6FDE81D51D3BB0099F563 /* Build configuration list for PBXNativeTarget "SliderExampleUITests" */;
			buildPhases = (
				7EB6FDD51D51D3BB0099F563 /* Sources */,
				7EB6FDD61D51D3BB0099F563 /* Frameworks */,
				7EB6FDD71D51D3BB0099F563 /* Resources */,
			);
			buildRules = (
			);
			dependencies = (
				7EB6FDDB1D51D3BB0099F563 /* PBXTargetDependency */,
			);
			name = SliderExampleUITests;
			productName = ExampleUITests;
			productReference = 7EB6FDD91D51D3BB0099F563 /* SliderExampleUITests.xctest */;
			productType = "com.apple.product-type.bundle.ui-testing";
		};
/* End PBXNativeTarget section */

/* Begin PBXProject section */
		7EB6FDB21D51D3BB0099F563 /* Project object */ = {
			isa = PBXProject;
			attributes = {
				LastSwiftUpdateCheck = 0730;
				LastUpgradeCheck = 0830;
				ORGANIZATIONNAME = Crystal;
				TargetAttributes = {
					7EB6FDB91D51D3BB0099F563 = {
						CreatedOnToolsVersion = 7.3.1;
						LastSwiftMigration = 0830;
					};
					7EB6FDCD1D51D3BB0099F563 = {
						CreatedOnToolsVersion = 7.3.1;
						LastSwiftMigration = 0830;
						TestTargetID = 7EB6FDB91D51D3BB0099F563;
					};
					7EB6FDD81D51D3BB0099F563 = {
						CreatedOnToolsVersion = 7.3.1;
						LastSwiftMigration = 0830;
						TestTargetID = 7EB6FDB91D51D3BB0099F563;
					};
				};
			};
			buildConfigurationList = 7EB6FDB51D51D3BB0099F563 /* Build configuration list for PBXProject "SliderExample" */;
			compatibilityVersion = "Xcode 3.2";
			developmentRegion = English;
			hasScannedForEncodings = 0;
			knownRegions = (
				en,
				Base,
			);
			mainGroup = 7EB6FDB11D51D3BB0099F563;
			productRefGroup = 7EB6FDBB1D51D3BB0099F563 /* Products */;
			projectDirPath = "";
			projectRoot = "";
			targets = (
				7EB6FDB91D51D3BB0099F563 /* SliderExample */,
				7EB6FDCD1D51D3BB0099F563 /* SliderExampleTests */,
				7EB6FDD81D51D3BB0099F563 /* SliderExampleUITests */,
			);
		};
/* End PBXProject section */

/* Begin PBXResourcesBuildPhase section */
		7EB6FDB81D51D3BB0099F563 /* Resources */ = {
			isa = PBXResourcesBuildPhase;
			buildActionMask = 2147483647;
			files = (
				7EB6FDC81D51D3BB0099F563 /* LaunchScreen.storyboard in Resources */,
				7EB6FDC51D51D3BB0099F563 /* Assets.xcassets in Resources */,
				7EB6FDC31D51D3BB0099F563 /* Main.storyboard in Resources */,
			);
			runOnlyForDeploymentPostprocessing = 0;
		};
		7EB6FDCC1D51D3BB0099F563 /* Resources */ = {
			isa = PBXResourcesBuildPhase;
			buildActionMask = 2147483647;
			files = (
			);
			runOnlyForDeploymentPostprocessing = 0;
		};
		7EB6FDD71D51D3BB0099F563 /* Resources */ = {
			isa = PBXResourcesBuildPhase;
			buildActionMask = 2147483647;
			files = (
			);
			runOnlyForDeploymentPostprocessing = 0;
		};
/* End PBXResourcesBuildPhase section */

/* Begin PBXSourcesBuildPhase section */
		7EB6FDB61D51D3BB0099F563 /* Sources */ = {
			isa = PBXSourcesBuildPhase;
			buildActionMask = 2147483647;
			files = (
				7EB6FDC01D51D3BB0099F563 /* ViewController.swift in Sources */,
				7EB6FDBE1D51D3BB0099F563 /* AppDelegate.swift in Sources */,
			);
			runOnlyForDeploymentPostprocessing = 0;
		};
		7EB6FDCA1D51D3BB0099F563 /* Sources */ = {
			isa = PBXSourcesBuildPhase;
			buildActionMask = 2147483647;
			files = (
				7EB6FDD31D51D3BB0099F563 /* ExampleTests.swift in Sources */,
			);
			runOnlyForDeploymentPostprocessing = 0;
		};
		7EB6FDD51D51D3BB0099F563 /* Sources */ = {
			isa = PBXSourcesBuildPhase;
			buildActionMask = 2147483647;
			files = (
				7EB6FDDE1D51D3BB0099F563 /* ExampleUITests.swift in Sources */,
			);
			runOnlyForDeploymentPostprocessing = 0;
		};
/* End PBXSourcesBuildPhase section */

/* Begin PBXTargetDependency section */
		7EB6FDD01D51D3BB0099F563 /* PBXTargetDependency */ = {
			isa = PBXTargetDependency;
			target = 7EB6FDB91D51D3BB0099F563 /* SliderExample */;
			targetProxy = 7EB6FDCF1D51D3BB0099F563 /* PBXContainerItemProxy */;
		};
		7EB6FDDB1D51D3BB0099F563 /* PBXTargetDependency */ = {
			isa = PBXTargetDependency;
			target = 7EB6FDB91D51D3BB0099F563 /* SliderExample */;
			targetProxy = 7EB6FDDA1D51D3BB0099F563 /* PBXContainerItemProxy */;
		};
/* End PBXTargetDependency section */

/* Begin PBXVariantGroup section */
		7EB6FDC11D51D3BB0099F563 /* Main.storyboard */ = {
			isa = PBXVariantGroup;
			children = (
				7EB6FDC21D51D3BB0099F563 /* Base */,
			);
			name = Main.storyboard;
			sourceTree = "<group>";
		};
		7EB6FDC61D51D3BB0099F563 /* LaunchScreen.storyboard */ = {
			isa = PBXVariantGroup;
			children = (
				7EB6FDC71D51D3BB0099F563 /* Base */,
			);
			name = LaunchScreen.storyboard;
			sourceTree = "<group>";
		};
/* End PBXVariantGroup section */

/* Begin XCBuildConfiguration section */
		7EB6FDE01D51D3BB0099F563 /* Debug */ = {
			isa = XCBuildConfiguration;
			buildSettings = {
				ALWAYS_SEARCH_USER_PATHS = NO;
				CLANG_ANALYZER_NONNULL = YES;
				CLANG_CXX_LANGUAGE_STANDARD = "gnu++0x";
				CLANG_CXX_LIBRARY = "libc++";
				CLANG_ENABLE_MODULES = YES;
				CLANG_ENABLE_OBJC_ARC = YES;
				CLANG_WARN_BOOL_CONVERSION = YES;
				CLANG_WARN_CONSTANT_CONVERSION = YES;
				CLANG_WARN_DIRECT_OBJC_ISA_USAGE = YES_ERROR;
				CLANG_WARN_EMPTY_BODY = YES;
				CLANG_WARN_ENUM_CONVERSION = YES;
				CLANG_WARN_INFINITE_RECURSION = YES;
				CLANG_WARN_INT_CONVERSION = YES;
				CLANG_WARN_OBJC_ROOT_CLASS = YES_ERROR;
				CLANG_WARN_SUSPICIOUS_MOVE = YES;
				CLANG_WARN_UNREACHABLE_CODE = YES;
				CLANG_WARN__DUPLICATE_METHOD_MATCH = YES;
				"CODE_SIGN_IDENTITY[sdk=iphoneos*]" = "iPhone Developer";
				COPY_PHASE_STRIP = NO;
				DEBUG_INFORMATION_FORMAT = dwarf;
				ENABLE_STRICT_OBJC_MSGSEND = YES;
				ENABLE_TESTABILITY = YES;
				GCC_C_LANGUAGE_STANDARD = gnu99;
				GCC_DYNAMIC_NO_PIC = NO;
				GCC_NO_COMMON_BLOCKS = YES;
				GCC_OPTIMIZATION_LEVEL = 0;
				GCC_PREPROCESSOR_DEFINITIONS = (
					"DEBUG=1",
					"$(inherited)",
				);
				GCC_WARN_64_TO_32_BIT_CONVERSION = YES;
				GCC_WARN_ABOUT_RETURN_TYPE = YES_ERROR;
				GCC_WARN_UNDECLARED_SELECTOR = YES;
				GCC_WARN_UNINITIALIZED_AUTOS = YES_AGGRESSIVE;
				GCC_WARN_UNUSED_FUNCTION = YES;
				GCC_WARN_UNUSED_VARIABLE = YES;
				IPHONEOS_DEPLOYMENT_TARGET = 9.3;
				MTL_ENABLE_DEBUG_INFO = YES;
				ONLY_ACTIVE_ARCH = YES;
				SDKROOT = iphoneos;
				SWIFT_OPTIMIZATION_LEVEL = "-Onone";
				TARGETED_DEVICE_FAMILY = "1,2";
			};
			name = Debug;
		};
		7EB6FDE11D51D3BB0099F563 /* Release */ = {
			isa = XCBuildConfiguration;
			buildSettings = {
				ALWAYS_SEARCH_USER_PATHS = NO;
				CLANG_ANALYZER_NONNULL = YES;
				CLANG_CXX_LANGUAGE_STANDARD = "gnu++0x";
				CLANG_CXX_LIBRARY = "libc++";
				CLANG_ENABLE_MODULES = YES;
				CLANG_ENABLE_OBJC_ARC = YES;
				CLANG_WARN_BOOL_CONVERSION = YES;
				CLANG_WARN_CONSTANT_CONVERSION = YES;
				CLANG_WARN_DIRECT_OBJC_ISA_USAGE = YES_ERROR;
				CLANG_WARN_EMPTY_BODY = YES;
				CLANG_WARN_ENUM_CONVERSION = YES;
				CLANG_WARN_INFINITE_RECURSION = YES;
				CLANG_WARN_INT_CONVERSION = YES;
				CLANG_WARN_OBJC_ROOT_CLASS = YES_ERROR;
				CLANG_WARN_SUSPICIOUS_MOVE = YES;
				CLANG_WARN_UNREACHABLE_CODE = YES;
				CLANG_WARN__DUPLICATE_METHOD_MATCH = YES;
				"CODE_SIGN_IDENTITY[sdk=iphoneos*]" = "iPhone Developer";
				COPY_PHASE_STRIP = NO;
				DEBUG_INFORMATION_FORMAT = "dwarf-with-dsym";
				ENABLE_NS_ASSERTIONS = NO;
				ENABLE_STRICT_OBJC_MSGSEND = YES;
				GCC_C_LANGUAGE_STANDARD = gnu99;
				GCC_NO_COMMON_BLOCKS = YES;
				GCC_WARN_64_TO_32_BIT_CONVERSION = YES;
				GCC_WARN_ABOUT_RETURN_TYPE = YES_ERROR;
				GCC_WARN_UNDECLARED_SELECTOR = YES;
				GCC_WARN_UNINITIALIZED_AUTOS = YES_AGGRESSIVE;
				GCC_WARN_UNUSED_FUNCTION = YES;
				GCC_WARN_UNUSED_VARIABLE = YES;
				IPHONEOS_DEPLOYMENT_TARGET = 9.3;
				MTL_ENABLE_DEBUG_INFO = NO;
				SDKROOT = iphoneos;
				SWIFT_OPTIMIZATION_LEVEL = "-Owholemodule";
				TARGETED_DEVICE_FAMILY = "1,2";
				VALIDATE_PRODUCT = YES;
			};
			name = Release;
		};
		7EB6FDE31D51D3BB0099F563 /* Debug */ = {
			isa = XCBuildConfiguration;
			buildSettings = {
				ASSETCATALOG_COMPILER_APPICON_NAME = AppIcon;
				DEVELOPMENT_TEAM = "";
				INFOPLIST_FILE = Example/Info.plist;
				LD_RUNPATH_SEARCH_PATHS = "$(inherited) @executable_path/Frameworks";
				PRODUCT_BUNDLE_IDENTIFIER = com.slider.slider;
				PRODUCT_NAME = "$(TARGET_NAME)";
				SWIFT_VERSION = 3.0;
			};
			name = Debug;
		};
		7EB6FDE41D51D3BB0099F563 /* Release */ = {
			isa = XCBuildConfiguration;
			buildSettings = {
				ASSETCATALOG_COMPILER_APPICON_NAME = AppIcon;
				DEVELOPMENT_TEAM = "";
				INFOPLIST_FILE = Example/Info.plist;
				LD_RUNPATH_SEARCH_PATHS = "$(inherited) @executable_path/Frameworks";
				PRODUCT_BUNDLE_IDENTIFIER = com.slider.slider;
				PRODUCT_NAME = "$(TARGET_NAME)";
				SWIFT_VERSION = 3.0;
			};
			name = Release;
		};
		7EB6FDE61D51D3BB0099F563 /* Debug */ = {
			isa = XCBuildConfiguration;
			buildSettings = {
				BUNDLE_LOADER = "$(TEST_HOST)";
				INFOPLIST_FILE = ExampleTests/Info.plist;
				LD_RUNPATH_SEARCH_PATHS = "$(inherited) @executable_path/Frameworks @loader_path/Frameworks";
				PRODUCT_BUNDLE_IDENTIFIER = com.crystaltravel.ExampleTests;
				PRODUCT_NAME = "$(TARGET_NAME)";
				SWIFT_VERSION = 3.0;
				TEST_HOST = "$(BUILT_PRODUCTS_DIR)/SliderExample.app/SliderExample";
			};
			name = Debug;
		};
		7EB6FDE71D51D3BB0099F563 /* Release */ = {
			isa = XCBuildConfiguration;
			buildSettings = {
				BUNDLE_LOADER = "$(TEST_HOST)";
				INFOPLIST_FILE = ExampleTests/Info.plist;
				LD_RUNPATH_SEARCH_PATHS = "$(inherited) @executable_path/Frameworks @loader_path/Frameworks";
				PRODUCT_BUNDLE_IDENTIFIER = com.crystaltravel.ExampleTests;
				PRODUCT_NAME = "$(TARGET_NAME)";
				SWIFT_VERSION = 3.0;
				TEST_HOST = "$(BUILT_PRODUCTS_DIR)/SliderExample.app/SliderExample";
			};
			name = Release;
		};
		7EB6FDE91D51D3BB0099F563 /* Debug */ = {
			isa = XCBuildConfiguration;
			buildSettings = {
				INFOPLIST_FILE = ExampleUITests/Info.plist;
				LD_RUNPATH_SEARCH_PATHS = "$(inherited) @executable_path/Frameworks @loader_path/Frameworks";
				PRODUCT_BUNDLE_IDENTIFIER = com.crystaltravel.ExampleUITests;
				PRODUCT_NAME = "$(TARGET_NAME)";
				SWIFT_VERSION = 3.0;
				TEST_TARGET_NAME = Example;
			};
			name = Debug;
		};
		7EB6FDEA1D51D3BB0099F563 /* Release */ = {
			isa = XCBuildConfiguration;
			buildSettings = {
				INFOPLIST_FILE = ExampleUITests/Info.plist;
				LD_RUNPATH_SEARCH_PATHS = "$(inherited) @executable_path/Frameworks @loader_path/Frameworks";
				PRODUCT_BUNDLE_IDENTIFIER = com.crystaltravel.ExampleUITests;
				PRODUCT_NAME = "$(TARGET_NAME)";
				SWIFT_VERSION = 3.0;
				TEST_TARGET_NAME = Example;
			};
			name = Release;
		};
/* End XCBuildConfiguration section */

/* Begin XCConfigurationList section */
		7EB6FDB51D51D3BB0099F563 /* Build configuration list for PBXProject "SliderExample" */ = {
			isa = XCConfigurationList;
			buildConfigurations = (
				7EB6FDE01D51D3BB0099F563 /* Debug */,
				7EB6FDE11D51D3BB0099F563 /* Release */,
			);
			defaultConfigurationIsVisible = 0;
			defaultConfigurationName = Release;
		};
		7EB6FDE21D51D3BB0099F563 /* Build configuration list for PBXNativeTarget "SliderExample" */ = {
			isa = XCConfigurationList;
			buildConfigurations = (
				7EB6FDE31D51D3BB0099F563 /* Debug */,
				7EB6FDE41D51D3BB0099F563 /* Release */,
			);
			defaultConfigurationIsVisible = 0;
			defaultConfigurationName = Release;
		};
		7EB6FDE51D51D3BB0099F563 /* Build configuration list for PBXNativeTarget "SliderExampleTests" */ = {
			isa = XCConfigurationList;
			buildConfigurations = (
				7EB6FDE61D51D3BB0099F563 /* Debug */,
				7EB6FDE71D51D3BB0099F563 /* Release */,
			);
			defaultConfigurationIsVisible = 0;
			defaultConfigurationName = Release;
		};
		7EB6FDE81D51D3BB0099F563 /* Build configuration list for PBXNativeTarget "SliderExampleUITests" */ = {
			isa = XCConfigurationList;
			buildConfigurations = (
				7EB6FDE91D51D3BB0099F563 /* Debug */,
				7EB6FDEA1D51D3BB0099F563 /* Release */,
			);
			defaultConfigurationIsVisible = 0;
			defaultConfigurationName = Release;
		};
/* End XCConfigurationList section */
	};
	rootObject = 7EB6FDB21D51D3BB0099F563 /* Project object */;
}
